
Microsoft Visual Studio Solution File, Format Version 12.00
# Visual Studio Version 16
VisualStudioVersion = 16.0.30011.22
MinimumVisualStudioVersion = 10.0.40219.1
Project("{8BC9CEB8-8B4A-11D0-8D11-00A0C91BC942}") = "Core", "Core\Core.vcxproj", "{ADAF85EF-BF64-43E8-843E-A1C16679B2CB}"
EndProject
Project("{8BC9CEB8-8B4A-11D0-8D11-00A0C91BC942}") = "Core.Tests", "Core\Tests\Core.Tests\Core.Tests.vcxproj", "{422B6952-C818-4CEA-AECC-D0AB77CD9DCB}"
	ProjectSection(ProjectDependencies) = postProject
		{ADAF85EF-BF64-43E8-843E-A1C16679B2CB} = {ADAF85EF-BF64-43E8-843E-A1C16679B2CB}
	EndProjectSection
EndProject
Project("{8BC9CEB8-8B4A-11D0-8D11-00A0C91BC942}") = "Threading", "Threading\Threading.vcxproj", "{BEF0DA5B-00AF-4CA2-9A4A-3B6576E9BC60}"
	ProjectSection(ProjectDependencies) = postProject
		{ADAF85EF-BF64-43E8-843E-A1C16679B2CB} = {ADAF85EF-BF64-43E8-843E-A1C16679B2CB}
	EndProjectSection
EndProject
Project("{8BC9CEB8-8B4A-11D0-8D11-00A0C91BC942}") = "Threading.Tests", "Threading\Tests\Threading.Tests\Threading.Tests.vcxproj", "{288CDAC2-66E0-4720-BA6B-080E4026AA2E}"
	ProjectSection(ProjectDependencies) = postProject
		{BEF0DA5B-00AF-4CA2-9A4A-3B6576E9BC60} = {BEF0DA5B-00AF-4CA2-9A4A-3B6576E9BC60}
		{ADAF85EF-BF64-43E8-843E-A1C16679B2CB} = {ADAF85EF-BF64-43E8-843E-A1C16679B2CB}
	EndProjectSection
EndProject
Project("{8BC9CEB8-8B4A-11D0-8D11-00A0C91BC942}") = "Threading.ConcurrentQueue.Test", "Threading\Tests\Threading.ConcurrentQueue.Test\Threading.ConcurrentQueue.Test.vcxproj", "{F53860E9-07D8-4D3E-978D-A5BC1545C3FE}"
	ProjectSection(ProjectDependencies) = postProject
		{BEF0DA5B-00AF-4CA2-9A4A-3B6576E9BC60} = {BEF0DA5B-00AF-4CA2-9A4A-3B6576E9BC60}
		{ADAF85EF-BF64-43E8-843E-A1C16679B2CB} = {ADAF85EF-BF64-43E8-843E-A1C16679B2CB}
	EndProjectSection
EndProject
Project("{8BC9CEB8-8B4A-11D0-8D11-00A0C91BC942}") = "Threading.JobQueue.Test", "Threading\Tests\Threading.JobQueue.Test\Threading.JobQueue.Test.vcxproj", "{9F4A2BA3-9B29-4B64-B533-D47599189D7A}"
	ProjectSection(ProjectDependencies) = postProject
		{BEF0DA5B-00AF-4CA2-9A4A-3B6576E9BC60} = {BEF0DA5B-00AF-4CA2-9A4A-3B6576E9BC60}
		{ADAF85EF-BF64-43E8-843E-A1C16679B2CB} = {ADAF85EF-BF64-43E8-843E-A1C16679B2CB}
	EndProjectSection
EndProject
Project("{2150E333-8FDC-42A3-9474-1A3956D46DE8}") = "Render", "Render", "{BF64CBC2-F302-46C8-9D2F-133B928E9ADD}"
EndProject
Project("{8BC9CEB8-8B4A-11D0-8D11-00A0C91BC942}") = "Render", "Render\Render.vcxproj", "{B7B6DF7F-8BA0-45DD-982A-005CD597659C}"
	ProjectSection(ProjectDependencies) = postProject
		{BEF0DA5B-00AF-4CA2-9A4A-3B6576E9BC60} = {BEF0DA5B-00AF-4CA2-9A4A-3B6576E9BC60}
		{ADAF85EF-BF64-43E8-843E-A1C16679B2CB} = {ADAF85EF-BF64-43E8-843E-A1C16679B2CB}
	EndProjectSection
EndProject
Project("{2150E333-8FDC-42A3-9474-1A3956D46DE8}") = "Tests", "Tests", "{D194E0EA-FBAA-4D5C-80EF-FC568E74E46F}"
EndProject
Project("{2150E333-8FDC-42A3-9474-1A3956D46DE8}") = "Threading", "Threading", "{1C47FEFC-A681-450E-8E38-0A4C578998A1}"
EndProject
Project("{2150E333-8FDC-42A3-9474-1A3956D46DE8}") = "Core", "Core", "{E0B92B74-E60E-4765-A046-E045C441B340}"
EndProject
Project("{2150E333-8FDC-42A3-9474-1A3956D46DE8}") = "Tests", "Tests", "{987EF702-DCF2-4D59-8095-42C006694EA3}"
EndProject
Project("{8BC9CEB8-8B4A-11D0-8D11-00A0C91BC942}") = "Render.HelloWorld.Test", "Render\Tests\Render.HelloWorld.Test\Render.HelloWorld.Test.vcxproj", "{A7278804-10ED-43C4-84BD-B290357EE796}"
	ProjectSection(ProjectDependencies) = postProject
		{B7B6DF7F-8BA0-45DD-982A-005CD597659C} = {B7B6DF7F-8BA0-45DD-982A-005CD597659C}
		{ADAF85EF-BF64-43E8-843E-A1C16679B2CB} = {ADAF85EF-BF64-43E8-843E-A1C16679B2CB}
	EndProjectSection
EndProject
Project("{2150E333-8FDC-42A3-9474-1A3956D46DE8}") = "Tests", "Tests", "{2D490000-56C4-43F4-9F5D-8F9E11D8D193}"
EndProject
Project("{2150E333-8FDC-42A3-9474-1A3956D46DE8}") = "Net", "Net", "{3498BB41-0C37-453A-9C39-880E13090AD2}"
EndProject
Project("{8BC9CEB8-8B4A-11D0-8D11-00A0C91BC942}") = "Net", "Net\Net.vcxproj", "{B3891D4E-41EE-4E02-A8ED-3F700AB22A83}"
EndProject
Project("{2150E333-8FDC-42A3-9474-1A3956D46DE8}") = "Tests", "Tests", "{0B4BAFAB-DFAD-43DB-BF42-3EE496986FE5}"
EndProject
Project("{8BC9CEB8-8B4A-11D0-8D11-00A0C91BC942}") = "SocketPeer", "Net\SocketPeer\SocketPeer.vcxproj", "{F39810F5-792C-4436-BF9E-BF9C000963A8}"
EndProject
Global
	GlobalSection(SolutionConfigurationPlatforms) = preSolution
		Debug|x64 = Debug|x64
		Debug|x86 = Debug|x86
		Release|x64 = Release|x64
		Release|x86 = Release|x86
	EndGlobalSection
	GlobalSection(ProjectConfigurationPlatforms) = postSolution
		{ADAF85EF-BF64-43E8-843E-A1C16679B2CB}.Debug|x64.ActiveCfg = Debug|x64
		{ADAF85EF-BF64-43E8-843E-A1C16679B2CB}.Debug|x64.Build.0 = Debug|x64
		{ADAF85EF-BF64-43E8-843E-A1C16679B2CB}.Debug|x86.ActiveCfg = Debug|x64
		{ADAF85EF-BF64-43E8-843E-A1C16679B2CB}.Debug|x86.Build.0 = Debug|x64
		{ADAF85EF-BF64-43E8-843E-A1C16679B2CB}.Release|x64.ActiveCfg = Release|x64
		{ADAF85EF-BF64-43E8-843E-A1C16679B2CB}.Release|x64.Build.0 = Release|x64
		{ADAF85EF-BF64-43E8-843E-A1C16679B2CB}.Release|x86.ActiveCfg = Release|Win32
		{ADAF85EF-BF64-43E8-843E-A1C16679B2CB}.Release|x86.Build.0 = Release|Win32
		{422B6952-C818-4CEA-AECC-D0AB77CD9DCB}.Debug|x64.ActiveCfg = Debug|x64
		{422B6952-C818-4CEA-AECC-D0AB77CD9DCB}.Debug|x64.Build.0 = Debug|x64
		{422B6952-C818-4CEA-AECC-D0AB77CD9DCB}.Debug|x86.ActiveCfg = Debug|x64
		{422B6952-C818-4CEA-AECC-D0AB77CD9DCB}.Debug|x86.Build.0 = Debug|x64
		{422B6952-C818-4CEA-AECC-D0AB77CD9DCB}.Release|x64.ActiveCfg = Release|x64
		{422B6952-C818-4CEA-AECC-D0AB77CD9DCB}.Release|x64.Build.0 = Release|x64
		{422B6952-C818-4CEA-AECC-D0AB77CD9DCB}.Release|x86.ActiveCfg = Release|Win32
		{422B6952-C818-4CEA-AECC-D0AB77CD9DCB}.Release|x86.Build.0 = Release|Win32
		{BEF0DA5B-00AF-4CA2-9A4A-3B6576E9BC60}.Debug|x64.ActiveCfg = Debug|x64
		{BEF0DA5B-00AF-4CA2-9A4A-3B6576E9BC60}.Debug|x64.Build.0 = Debug|x64
		{BEF0DA5B-00AF-4CA2-9A4A-3B6576E9BC60}.Debug|x86.ActiveCfg = Debug|x64
		{BEF0DA5B-00AF-4CA2-9A4A-3B6576E9BC60}.Debug|x86.Build.0 = Debug|x64
		{BEF0DA5B-00AF-4CA2-9A4A-3B6576E9BC60}.Release|x64.ActiveCfg = Release|x64
		{BEF0DA5B-00AF-4CA2-9A4A-3B6576E9BC60}.Release|x64.Build.0 = Release|x64
		{BEF0DA5B-00AF-4CA2-9A4A-3B6576E9BC60}.Release|x86.ActiveCfg = Release|Win32
		{BEF0DA5B-00AF-4CA2-9A4A-3B6576E9BC60}.Release|x86.Build.0 = Release|Win32
		{288CDAC2-66E0-4720-BA6B-080E4026AA2E}.Debug|x64.ActiveCfg = Debug|x64
		{288CDAC2-66E0-4720-BA6B-080E4026AA2E}.Debug|x64.Build.0 = Debug|x64
		{288CDAC2-66E0-4720-BA6B-080E4026AA2E}.Debug|x86.ActiveCfg = Debug|x64
		{288CDAC2-66E0-4720-BA6B-080E4026AA2E}.Debug|x86.Build.0 = Debug|x64
		{288CDAC2-66E0-4720-BA6B-080E4026AA2E}.Release|x64.ActiveCfg = Release|x64
		{288CDAC2-66E0-4720-BA6B-080E4026AA2E}.Release|x64.Build.0 = Release|x64
		{288CDAC2-66E0-4720-BA6B-080E4026AA2E}.Release|x86.ActiveCfg = Release|Win32
		{288CDAC2-66E0-4720-BA6B-080E4026AA2E}.Release|x86.Build.0 = Release|Win32
		{F53860E9-07D8-4D3E-978D-A5BC1545C3FE}.Debug|x64.ActiveCfg = Debug|x64
		{F53860E9-07D8-4D3E-978D-A5BC1545C3FE}.Debug|x64.Build.0 = Debug|x64
		{F53860E9-07D8-4D3E-978D-A5BC1545C3FE}.Debug|x86.ActiveCfg = Debug|x64
		{F53860E9-07D8-4D3E-978D-A5BC1545C3FE}.Debug|x86.Build.0 = Debug|x64
		{F53860E9-07D8-4D3E-978D-A5BC1545C3FE}.Release|x64.ActiveCfg = Release|x64
		{F53860E9-07D8-4D3E-978D-A5BC1545C3FE}.Release|x64.Build.0 = Release|x64
		{F53860E9-07D8-4D3E-978D-A5BC1545C3FE}.Release|x86.ActiveCfg = Release|Win32
		{F53860E9-07D8-4D3E-978D-A5BC1545C3FE}.Release|x86.Build.0 = Release|Win32
		{9F4A2BA3-9B29-4B64-B533-D47599189D7A}.Debug|x64.ActiveCfg = Debug|x64
		{9F4A2BA3-9B29-4B64-B533-D47599189D7A}.Debug|x64.Build.0 = Debug|x64
		{9F4A2BA3-9B29-4B64-B533-D47599189D7A}.Debug|x86.ActiveCfg = Debug|x64
		{9F4A2BA3-9B29-4B64-B533-D47599189D7A}.Debug|x86.Build.0 = Debug|x64
		{9F4A2BA3-9B29-4B64-B533-D47599189D7A}.Release|x64.ActiveCfg = Release|x64
		{9F4A2BA3-9B29-4B64-B533-D47599189D7A}.Release|x64.Build.0 = Release|x64
		{9F4A2BA3-9B29-4B64-B533-D47599189D7A}.Release|x86.ActiveCfg = Release|Win32
		{9F4A2BA3-9B29-4B64-B533-D47599189D7A}.Release|x86.Build.0 = Release|Win32
		{B7B6DF7F-8BA0-45DD-982A-005CD597659C}.Debug|x64.ActiveCfg = Debug|x64
		{B7B6DF7F-8BA0-45DD-982A-005CD597659C}.Debug|x64.Build.0 = Debug|x64
		{B7B6DF7F-8BA0-45DD-982A-005CD597659C}.Debug|x86.ActiveCfg = Debug|Win32
		{B7B6DF7F-8BA0-45DD-982A-005CD597659C}.Debug|x86.Build.0 = Debug|Win32
		{B7B6DF7F-8BA0-45DD-982A-005CD597659C}.Release|x64.ActiveCfg = Release|x64
		{B7B6DF7F-8BA0-45DD-982A-005CD597659C}.Release|x64.Build.0 = Release|x64
		{B7B6DF7F-8BA0-45DD-982A-005CD597659C}.Release|x86.ActiveCfg = Release|Win32
		{B7B6DF7F-8BA0-45DD-982A-005CD597659C}.Release|x86.Build.0 = Release|Win32
		{A7278804-10ED-43C4-84BD-B290357EE796}.Debug|x64.ActiveCfg = Debug|x64
		{A7278804-10ED-43C4-84BD-B290357EE796}.Debug|x64.Build.0 = Debug|x64
		{A7278804-10ED-43C4-84BD-B290357EE796}.Debug|x86.ActiveCfg = Debug|Win32
		{A7278804-10ED-43C4-84BD-B290357EE796}.Debug|x86.Build.0 = Debug|Win32
		{A7278804-10ED-43C4-84BD-B290357EE796}.Release|x64.ActiveCfg = Release|x64
		{A7278804-10ED-43C4-84BD-B290357EE796}.Release|x64.Build.0 = Release|x64
		{A7278804-10ED-43C4-84BD-B290357EE796}.Release|x86.ActiveCfg = Release|Win32
		{A7278804-10ED-43C4-84BD-B290357EE796}.Release|x86.Build.0 = Release|Win32
		{B3891D4E-41EE-4E02-A8ED-3F700AB22A83}.Debug|x64.ActiveCfg = Debug|x64
		{B3891D4E-41EE-4E02-A8ED-3F700AB22A83}.Debug|x64.Build.0 = Debug|x64
		{B3891D4E-41EE-4E02-A8ED-3F700AB22A83}.Debug|x86.ActiveCfg = Debug|Win32
		{B3891D4E-41EE-4E02-A8ED-3F700AB22A83}.Debug|x86.Build.0 = Debug|Win32
		{B3891D4E-41EE-4E02-A8ED-3F700AB22A83}.Release|x64.ActiveCfg = Release|x64
		{B3891D4E-41EE-4E02-A8ED-3F700AB22A83}.Release|x64.Build.0 = Release|x64
		{B3891D4E-41EE-4E02-A8ED-3F700AB22A83}.Release|x86.ActiveCfg = Release|Win32
		{B3891D4E-41EE-4E02-A8ED-3F700AB22A83}.Release|x86.Build.0 = Release|Win32
		{F39810F5-792C-4436-BF9E-BF9C000963A8}.Debug|x64.ActiveCfg = Debug|x64
		{F39810F5-792C-4436-BF9E-BF9C000963A8}.Debug|x64.Build.0 = Debug|x64
		{F39810F5-792C-4436-BF9E-BF9C000963A8}.Debug|x86.ActiveCfg = Debug|Win32
		{F39810F5-792C-4436-BF9E-BF9C000963A8}.Debug|x86.Build.0 = Debug|Win32
		{F39810F5-792C-4436-BF9E-BF9C000963A8}.Release|x64.ActiveCfg = Release|x64
		{F39810F5-792C-4436-BF9E-BF9C000963A8}.Release|x64.Build.0 = Release|x64
		{F39810F5-792C-4436-BF9E-BF9C000963A8}.Release|x86.ActiveCfg = Release|Win32
		{F39810F5-792C-4436-BF9E-BF9C000963A8}.Release|x86.Build.0 = Release|Win32
	EndGlobalSection
	GlobalSection(SolutionProperties) = preSolution
		HideSolutionNode = FALSE
	EndGlobalSection
	GlobalSection(NestedProjects) = preSolution
		{ADAF85EF-BF64-43E8-843E-A1C16679B2CB} = {E0B92B74-E60E-4765-A046-E045C441B340}
		{422B6952-C818-4CEA-AECC-D0AB77CD9DCB} = {2D490000-56C4-43F4-9F5D-8F9E11D8D193}
		{BEF0DA5B-00AF-4CA2-9A4A-3B6576E9BC60} = {1C47FEFC-A681-450E-8E38-0A4C578998A1}
		{288CDAC2-66E0-4720-BA6B-080E4026AA2E} = {987EF702-DCF2-4D59-8095-42C006694EA3}
		{F53860E9-07D8-4D3E-978D-A5BC1545C3FE} = {987EF702-DCF2-4D59-8095-42C006694EA3}
		{9F4A2BA3-9B29-4B64-B533-D47599189D7A} = {987EF702-DCF2-4D59-8095-42C006694EA3}
		{B7B6DF7F-8BA0-45DD-982A-005CD597659C} = {BF64CBC2-F302-46C8-9D2F-133B928E9ADD}
		{D194E0EA-FBAA-4D5C-80EF-FC568E74E46F} = {BF64CBC2-F302-46C8-9D2F-133B928E9ADD}
		{987EF702-DCF2-4D59-8095-42C006694EA3} = {1C47FEFC-A681-450E-8E38-0A4C578998A1}
		{A7278804-10ED-43C4-84BD-B290357EE796} = {D194E0EA-FBAA-4D5C-80EF-FC568E74E46F}
		{2D490000-56C4-43F4-9F5D-8F9E11D8D193} = {E0B92B74-E60E-4765-A046-E045C441B340}
		{B3891D4E-41EE-4E02-A8ED-3F700AB22A83} = {3498BB41-0C37-453A-9C39-880E13090AD2}
		{0B4BAFAB-DFAD-43DB-BF42-3EE496986FE5} = {3498BB41-0C37-453A-9C39-880E13090AD2}
		{F39810F5-792C-4436-BF9E-BF9C000963A8} = {0B4BAFAB-DFAD-43DB-BF42-3EE496986FE5}
	EndGlobalSection
	GlobalSection(ExtensibilityGlobals) = postSolution
		SolutionGuid = {FC0969CE-EDA8-4551-80FB-4035C1714FBF}
	EndGlobalSection
EndGlobal
