<?xml version="1.0" encoding="utf-8"?>
<Project ToolsVersion="4.0" xmlns="http://schemas.microsoft.com/developer/msbuild/2003">
  <ItemGroup>
    <ClCompile Include="Core\IAdapter.cpp" />
    <ClCompile Include="Core\ISwapChain.cpp" />
    <ClCompile Include="Core\D3D12\D3D12Adapter.cpp">
      <Filter>Core\D3D12</Filter>
    </ClCompile>
    <ClCompile Include="Core\D3D12\D3D12Api.cpp">
      <Filter>Core\D3D12</Filter>
    </ClCompile>
    <ClCompile Include="Core\D3D12\D3D12CommandBuffer.cpp">
      <Filter>Core\D3D12</Filter>
    </ClCompile>
    <ClCompile Include="Core\D3D12\D3D12ResourceAllocator.cpp">
      <Filter>Core\D3D12</Filter>
    </ClCompile>
    <ClCompile Include="Core\D3D12\D3D12ResourceCommandBuffer.cpp">
      <Filter>Core\D3D12</Filter>
    </ClCompile>
    <ClCompile Include="Core\D3D12\D3D12SwapChain.cpp">
      <Filter>Core\D3D12</Filter>
    </ClCompile>
  </ItemGroup>
  <ItemGroup>
    <ClInclude Include="Core\Handle.h" />
    <ClInclude Include="Core\IAdapter.h" />
    <ClInclude Include="Core\IDevice.h" />
    <ClInclude Include="Core\ICommandBuffer.h" />
    <ClInclude Include="Core\ISwapChain.h" />
    <ClInclude Include="Core\IResourceCommandBuffer.h" />
    <ClInclude Include="Core\Resources\Buffer.h">
      <Filter>Core\Resources</Filter>
    </ClInclude>
    <ClInclude Include="Core\D3D12\D3D12Adapter.h">
      <Filter>Core\D3D12</Filter>
    </ClInclude>
    <ClInclude Include="Core\D3D12\D3D12CommandBuffer.h">
      <Filter>Core\D3D12</Filter>
    </ClInclude>
    <ClInclude Include="Core\D3D12\D3D12Common.h">
      <Filter>Core\D3D12</Filter>
    </ClInclude>
    <ClInclude Include="Core\D3D12\D3D12Device.h">
      <Filter>Core\D3D12</Filter>
    </ClInclude>
    <ClInclude Include="Core\D3D12\D3D12Formats.h">
      <Filter>Core\D3D12</Filter>
    </ClInclude>
    <ClInclude Include="Core\D3D12\D3D12ResourceAllocator.h">
      <Filter>Core\D3D12</Filter>
    </ClInclude>
    <ClInclude Include="Core\D3D12\D3D12ResourceCommandBuffer.h">
      <Filter>Core\D3D12</Filter>
    </ClInclude>
    <ClInclude Include="Core\D3D12\D3D12ResourceStates.h">
      <Filter>Core\D3D12</Filter>
    </ClInclude>
    <ClInclude Include="Core\D3D12\D3D12SwapChain.h">
      <Filter>Core\D3D12</Filter>
    </ClInclude>
    <ClInclude Include="Core\Resources\Format.h">
      <Filter>Core\Resources</Filter>
    </ClInclude>
    <ClInclude Include="Core\Resources\ImageBuffer.h">
      <Filter>Core\Resources</Filter>
    </ClInclude>
    <ClInclude Include="Core\Resources\InputDescription.h">
      <Filter>Core\Resources</Filter>
    </ClInclude>
    <ClInclude Include="Core\Resources\PrimitiveTopology.h">
      <Filter>Core\Resources</Filter>
    </ClInclude>
    <ClInclude Include="Core\Resources\Rect.h">
      <Filter>Core\Resources</Filter>
    </ClInclude>
    <ClInclude Include="Core\Resources\ResourceStates.h">
      <Filter>Core\Resources</Filter>
    </ClInclude>
    <ClInclude Include="Core\Resources\Viewport.h">
      <Filter>Core\Resources</Filter>
    </ClInclude>
  </ItemGroup>
  <ItemGroup>
    <Filter Include="Core">
      <UniqueIdentifier>{7a19b6a7-80ba-4927-80cf-19cc8accbf93}</UniqueIdentifier>
    </Filter>
    <Filter Include="Core\D3D12">
      <UniqueIdentifier>{0a3074bc-8a9d-4c58-b114-35660f541ec5}</UniqueIdentifier>
    </Filter>
    <Filter Include="Core\Resources">
      <UniqueIdentifier>{ec1c6c06-d44f-4245-8bd8-74a27b10bd67}</UniqueIdentifier>
    </Filter>
  </ItemGroup>
</Project>